
Microsoft Visual Studio Solution File, Format Version 12.00
# Visual Studio Version 17
VisualStudioVersion = 17.11.35303.130
MinimumVisualStudioVersion = 10.0.40219.1
Project("{8BC9CEB8-8B4A-11D0-8D11-00A0C91BC942}") = "syndrome_of_code", "syndrome_of_code\syndrome_of_code.vcxproj", "{C98ED110-5D06-4306-92DF-449BEB9285BB}"
EndProject
Global
	GlobalSection(SolutionConfigurationPlatforms) = preSolution
		Debug|x64 = Debug|x64
		Debug|x86 = Debug|x86
		Release|x64 = Release|x64
		Release|x86 = Release|x86
	EndGlobalSection
	GlobalSection(ProjectConfigurationPlatforms) = postSolution
		{C98ED110-5D06-4306-92DF-449BEB9285BB}.Debug|x64.ActiveCfg = Debug|x64
		{C98ED110-5D06-4306-92DF-449BEB9285BB}.Debug|x64.Build.0 = Debug|x64
		{C98ED110-5D06-4306-92DF-449BEB9285BB}.Debug|x86.ActiveCfg = Debug|Win32
		{C98ED110-5D06-4306-92DF-449BEB9285BB}.Debug|x86.Build.0 = Debug|Win32
		{C98ED110-5D06-4306-92DF-449BEB9285BB}.Release|x64.ActiveCfg = Release|x64
		{C98ED110-5D06-4306-92DF-449BEB9285BB}.Release|x64.Build.0 = Release|x64
		{C98ED110-5D06-4306-92DF-449BEB9285BB}.Release|x86.ActiveCfg = Release|Win32
		{C98ED110-5D06-4306-92DF-449BEB9285BB}.Release|x86.Build.0 = Release|Win32
	EndGlobalSection
	GlobalSection(SolutionProperties) = preSolution
		HideSolutionNode = FALSE
	EndGlobalSection
	GlobalSection(ExtensibilityGlobals) = postSolution
		SolutionGuid = {0DDEFA2E-8863-4A5C-97E7-A2CF12A7CA8A}
	EndGlobalSection
EndGlobal
